
Microsoft Visual Studio Solution File, Format Version 12.00
# Visual Studio Version 18
VisualStudioVersion = 18.8.12023.21 stable
MinimumVisualStudioVersion = 10.0.40219.1
Project("{9A19103F-16F7-4668-BE54-9A1E7A4F7556}") = "IconManager", "Source\IconManager\IconManager.csproj", "{112C5098-5FCB-4574-9605-2645A04F90BD}"
EndProject
Project("{FAE04EC0-301F-11D3-BF4B-00C04F79EFBC}") = "IconManager.IconSets", "Source\IconManager.IconSets\IconManager.IconSets.csproj", "{16919E09-3EEA-F131-22AA-8CD98C832E94}"
EndProject
Project("{FAE04EC0-301F-11D3-BF4B-00C04F79EFBC}") = "IconManager.Core", "Source\IconManager.Core\IconManager.Core\IconManager.Core.csproj", "{783797AD-4484-42AE-96AD-A92769E41AA4}"
EndProject
Global
	GlobalSection(SolutionConfigurationPlatforms) = preSolution
		Debug|Any CPU = Debug|Any CPU
		Release|Any CPU = Release|Any CPU
	EndGlobalSection
	GlobalSection(ProjectConfigurationPlatforms) = postSolution
		{112C5098-5FCB-4574-9605-2645A04F90BD}.Debug|Any CPU.ActiveCfg = Debug|Any CPU
		{112C5098-5FCB-4574-9605-2645A04F90BD}.Debug|Any CPU.Build.0 = Debug|Any CPU
		{112C5098-5FCB-4574-9605-2645A04F90BD}.Release|Any CPU.ActiveCfg = Release|Any CPU
		{112C5098-5FCB-4574-9605-2645A04F90BD}.Release|Any CPU.Build.0 = Release|Any CPU
		{16919E09-3EEA-F131-22AA-8CD98C832E94}.Debug|Any CPU.ActiveCfg = Debug|Any CPU
		{16919E09-3EEA-F131-22AA-8CD98C832E94}.Debug|Any CPU.Build.0 = Debug|Any CPU
		{16919E09-3EEA-F131-22AA-8CD98C832E94}.Release|Any CPU.ActiveCfg = Release|Any CPU
		{16919E09-3EEA-F131-22AA-8CD98C832E94}.Release|Any CPU.Build.0 = Release|Any CPU
		{783797AD-4484-42AE-96AD-A92769E41AA4}.Debug|Any CPU.ActiveCfg = Debug|Any CPU
		{783797AD-4484-42AE-96AD-A92769E41AA4}.Debug|Any CPU.Build.0 = Debug|Any CPU
		{783797AD-4484-42AE-96AD-A92769E41AA4}.Release|Any CPU.ActiveCfg = Release|Any CPU
		{783797AD-4484-42AE-96AD-A92769E41AA4}.Release|Any CPU.Build.0 = Release|Any CPU
	EndGlobalSection
	GlobalSection(SolutionProperties) = preSolution
		HideSolutionNode = FALSE
	EndGlobalSection
	GlobalSection(ExtensibilityGlobals) = postSolution
		SolutionGuid = {14D15B47-B12E-479D-AF86-ED5318666C0B}
	EndGlobalSection
EndGlobal
