
Microsoft Visual Studio Solution File, Format Version 12.00
# Visual Studio Version 16
VisualStudioVersion = 16.0.31424.327
MinimumVisualStudioVersion = 10.0.40219.1
Project("{9A19103F-16F7-4668-BE54-9A1E7A4F7556}") = "IconManager", "Source\IconManager.csproj", "{112C5098-5FCB-4574-9605-2645A04F90BD}"
EndProject
Global
	GlobalSection(SolutionConfigurationPlatforms) = preSolution
		Debug|Any CPU = Debug|Any CPU
		Release|Any CPU = Release|Any CPU
	EndGlobalSection
	GlobalSection(ProjectConfigurationPlatforms) = postSolution
		{112C5098-5FCB-4574-9605-2645A04F90BD}.Debug|Any CPU.ActiveCfg = Debug|Any CPU
		{112C5098-5FCB-4574-9605-2645A04F90BD}.Debug|Any CPU.Build.0 = Debug|Any CPU
		{112C5098-5FCB-4574-9605-2645A04F90BD}.Release|Any CPU.ActiveCfg = Release|Any CPU
		{112C5098-5FCB-4574-9605-2645A04F90BD}.Release|Any CPU.Build.0 = Release|Any CPU
	EndGlobalSection
	GlobalSection(SolutionProperties) = preSolution
		HideSolutionNode = FALSE
	EndGlobalSection
	GlobalSection(ExtensibilityGlobals) = postSolution
		SolutionGuid = {14D15B47-B12E-479D-AF86-ED5318666C0B}
	EndGlobalSection
EndGlobal
